
Microsoft Visual Studio Solution File, Format Version 12.00
# Visual Studio Version 17
VisualStudioVersion = 17.4.33122.133
MinimumVisualStudioVersion = 10.0.40219.1
Project("{FAE04EC0-301F-11D3-BF4B-00C04F79EFBC}") = "New_5_3_13", "New_5_3_13\New_5_3_13.csproj", "{DCB64670-3EFB-47CA-96C0-07639258FBC1}"
EndProject
Global
	GlobalSection(SolutionConfigurationPlatforms) = preSolution
		Debug|Any CPU = Debug|Any CPU
		Release|Any CPU = Release|Any CPU
	EndGlobalSection
	GlobalSection(ProjectConfigurationPlatforms) = postSolution
		{DCB64670-3EFB-47CA-96C0-07639258FBC1}.Debug|Any CPU.ActiveCfg = Debug|Any CPU
		{DCB64670-3EFB-47CA-96C0-07639258FBC1}.Debug|Any CPU.Build.0 = Debug|Any CPU
		{DCB64670-3EFB-47CA-96C0-07639258FBC1}.Release|Any CPU.ActiveCfg = Release|Any CPU
		{DCB64670-3EFB-47CA-96C0-07639258FBC1}.Release|Any CPU.Build.0 = Release|Any CPU
	EndGlobalSection
	GlobalSection(SolutionProperties) = preSolution
		HideSolutionNode = FALSE
	EndGlobalSection
	GlobalSection(ExtensibilityGlobals) = postSolution
		SolutionGuid = {B71A2726-8B71-4BD6-941D-D38698940470}
	EndGlobalSection
EndGlobal
